// !$*UTF8*$!
{
	archiveVersion = 1;
	classes = {
	};
	objectVersion = 51;
	objects = {

/* Begin PBXBuildFile section */
		184934FA2435D6CB0090453D /* CandyRouter.swift in Sources */ = {isa = PBXBuildFile; fileRef = 184934F92435D6CB0090453D /* CandyRouter.swift */; };
		184934FD2435D90F0090453D /* CandyBuilder.swift in Sources */ = {isa = PBXBuildFile; fileRef = 184934FC2435D90F0090453D /* CandyBuilder.swift */; };
		1849350024363A8F0090453D /* CandyView.xib in Resources */ = {isa = PBXBuildFile; fileRef = 184934FE24363A8F0090453D /* CandyView.xib */; };
		1849350124363A8F0090453D /* CandyView.swift in Sources */ = {isa = PBXBuildFile; fileRef = 184934FF24363A8F0090453D /* CandyView.swift */; };
		1849350524372EC50090453D /* UserEntity.swift in Sources */ = {isa = PBXBuildFile; fileRef = 1849350424372EC50090453D /* UserEntity.swift */; };
		1849350824372EF70090453D /* UserInteractor.swift in Sources */ = {isa = PBXBuildFile; fileRef = 1849350724372EF70090453D /* UserInteractor.swift */; };
		1849350C243739270090453D /* UserApiWorker.swift in Sources */ = {isa = PBXBuildFile; fileRef = 1849350B243739270090453D /* UserApiWorker.swift */; };
		1849351024373A6D0090453D /* UserPresenter.swift in Sources */ = {isa = PBXBuildFile; fileRef = 1849350F24373A6C0090453D /* UserPresenter.swift */; };
		1849351424373BCA0090453D /* UserViewController.swift in Sources */ = {isa = PBXBuildFile; fileRef = 1849351224373BCA0090453D /* UserViewController.swift */; };
		1849351524373BCA0090453D /* UserViewController.xib in Resources */ = {isa = PBXBuildFile; fileRef = 1849351324373BCA0090453D /* UserViewController.xib */; };
		1849351824373DA90090453D /* UserRouter.swift in Sources */ = {isa = PBXBuildFile; fileRef = 1849351724373DA90090453D /* UserRouter.swift */; };
		1849351B24384F710090453D /* UserBuilder.swift in Sources */ = {isa = PBXBuildFile; fileRef = 1849351A24384F710090453D /* UserBuilder.swift */; };
		18493542243AC02F0090453D /* GitHubUserInteractor.swift in Sources */ = {isa = PBXBuildFile; fileRef = 18493541243AC02E0090453D /* GitHubUserInteractor.swift */; };
		18493545243AD0D00090453D /* UserGitHubRouters.swift in Sources */ = {isa = PBXBuildFile; fileRef = 18493544243AD0CF0090453D /* UserGitHubRouters.swift */; };
		18493549243AD2EE0090453D /* UserGitHubWorker.swift in Sources */ = {isa = PBXBuildFile; fileRef = 18493548243AD2EE0090453D /* UserGitHubWorker.swift */; };
		1849354D243AE8D00090453D /* UserGitHubView.swift in Sources */ = {isa = PBXBuildFile; fileRef = 1849354B243AE8CD0090453D /* UserGitHubView.swift */; };
		1849354E243AE8D00090453D /* UserGitHubView.xib in Resources */ = {isa = PBXBuildFile; fileRef = 1849354C243AE8CD0090453D /* UserGitHubView.xib */; };
		185A4ACF24348ABA00981931 /* AppDelegate.swift in Sources */ = {isa = PBXBuildFile; fileRef = 185A4ACE24348ABA00981931 /* AppDelegate.swift */; };
		185A4AD324348ABA00981931 /* ViewController.swift in Sources */ = {isa = PBXBuildFile; fileRef = 185A4AD224348ABA00981931 /* ViewController.swift */; };
		185A4AD624348ABA00981931 /* Main.storyboard in Resources */ = {isa = PBXBuildFile; fileRef = 185A4AD424348ABA00981931 /* Main.storyboard */; };
		185A4AD824348AC100981931 /* Assets.xcassets in Resources */ = {isa = PBXBuildFile; fileRef = 185A4AD724348AC100981931 /* Assets.xcassets */; };
		185A4ADB24348AC100981931 /* LaunchScreen.storyboard in Resources */ = {isa = PBXBuildFile; fileRef = 185A4AD924348AC100981931 /* LaunchScreen.storyboard */; };
		185A4AE624348AC100981931 /* VIP_ArchitechtureTests.swift in Sources */ = {isa = PBXBuildFile; fileRef = 185A4AE524348AC100981931 /* VIP_ArchitechtureTests.swift */; };
		185A4AF124348AC200981931 /* VIP_ArchitechtureUITests.swift in Sources */ = {isa = PBXBuildFile; fileRef = 185A4AF024348AC200981931 /* VIP_ArchitechtureUITests.swift */; };
		185A4B0124348C9900981931 /* CandyEntity.swift in Sources */ = {isa = PBXBuildFile; fileRef = 185A4B0024348C9900981931 /* CandyEntity.swift */; };
		185A4B0424348E2F00981931 /* CandyInteractor.swift in Sources */ = {isa = PBXBuildFile; fileRef = 185A4B0324348E2F00981931 /* CandyInteractor.swift */; };
		185A4B0724348EFE00981931 /* CandyApiWorker.swift in Sources */ = {isa = PBXBuildFile; fileRef = 185A4B0624348EFE00981931 /* CandyApiWorker.swift */; };
		185A4B0A2434924700981931 /* CandyPresenterProtocol.swift in Sources */ = {isa = PBXBuildFile; fileRef = 185A4B092434924700981931 /* CandyPresenterProtocol.swift */; };
		51FFE550F7233D6257BE0770 /* Pods_VIP_ArchitechtureTests.framework in Frameworks */ = {isa = PBXBuildFile; fileRef = BE0B6B2495846C3A814BAFB2 /* Pods_VIP_ArchitechtureTests.framework */; };
		70437E95A8302D9D0749E2A5 /* Pods_VIP_Architechture.framework in Frameworks */ = {isa = PBXBuildFile; fileRef = 4022851251E61DE73BD7960B /* Pods_VIP_Architechture.framework */; };
		E6B077D913E5416C66A6910D /* Pods_VIP_Architechture_VIP_ArchitechtureUITests.framework in Frameworks */ = {isa = PBXBuildFile; fileRef = 2ACC208CB71C333C9A2C212B /* Pods_VIP_Architechture_VIP_ArchitechtureUITests.framework */; };
/* End PBXBuildFile section */

/* Begin PBXContainerItemProxy section */
		185A4AE224348AC100981931 /* PBXContainerItemProxy */ = {
			isa = PBXContainerItemProxy;
			containerPortal = 185A4AC324348ABA00981931 /* Project object */;
			proxyType = 1;
			remoteGlobalIDString = 185A4ACA24348ABA00981931;
			remoteInfo = "VIP-Architechture";
		};
		185A4AED24348AC200981931 /* PBXContainerItemProxy */ = {
			isa = PBXContainerItemProxy;
			containerPortal = 185A4AC324348ABA00981931 /* Project object */;
			proxyType = 1;
			remoteGlobalIDString = 185A4ACA24348ABA00981931;
			remoteInfo = "VIP-Architechture";
		};
/* End PBXContainerItemProxy section */

/* Begin PBXFileReference section */
		184934F92435D6CB0090453D /* CandyRouter.swift */ = {isa = PBXFileReference; lastKnownFileType = sourcecode.swift; path = CandyRouter.swift; sourceTree = "<group>"; };
		184934FC2435D90F0090453D /* CandyBuilder.swift */ = {isa = PBXFileReference; lastKnownFileType = sourcecode.swift; path = CandyBuilder.swift; sourceTree = "<group>"; };
		184934FE24363A8F0090453D /* CandyView.xib */ = {isa = PBXFileReference; fileEncoding = 4; lastKnownFileType = file.xib; path = CandyView.xib; sourceTree = "<group>"; };
		184934FF24363A8F0090453D /* CandyView.swift */ = {isa = PBXFileReference; fileEncoding = 4; lastKnownFileType = sourcecode.swift; path = CandyView.swift; sourceTree = "<group>"; };
		1849350424372EC50090453D /* UserEntity.swift */ = {isa = PBXFileReference; lastKnownFileType = sourcecode.swift; path = UserEntity.swift; sourceTree = "<group>"; };
		1849350724372EF70090453D /* UserInteractor.swift */ = {isa = PBXFileReference; lastKnownFileType = sourcecode.swift; path = UserInteractor.swift; sourceTree = "<group>"; };
		1849350B243739270090453D /* UserApiWorker.swift */ = {isa = PBXFileReference; lastKnownFileType = sourcecode.swift; path = UserApiWorker.swift; sourceTree = "<group>"; };
		1849350F24373A6C0090453D /* UserPresenter.swift */ = {isa = PBXFileReference; lastKnownFileType = sourcecode.swift; path = UserPresenter.swift; sourceTree = "<group>"; };
		1849351224373BCA0090453D /* UserViewController.swift */ = {isa = PBXFileReference; lastKnownFileType = sourcecode.swift; path = UserViewController.swift; sourceTree = "<group>"; };
		1849351324373BCA0090453D /* UserViewController.xib */ = {isa = PBXFileReference; lastKnownFileType = file.xib; path = UserViewController.xib; sourceTree = "<group>"; };
		1849351724373DA90090453D /* UserRouter.swift */ = {isa = PBXFileReference; lastKnownFileType = sourcecode.swift; path = UserRouter.swift; sourceTree = "<group>"; };
		1849351A24384F710090453D /* UserBuilder.swift */ = {isa = PBXFileReference; lastKnownFileType = sourcecode.swift; path = UserBuilder.swift; sourceTree = "<group>"; };
		18493541243AC02E0090453D /* GitHubUserInteractor.swift */ = {isa = PBXFileReference; lastKnownFileType = sourcecode.swift; path = GitHubUserInteractor.swift; sourceTree = "<group>"; };
		18493544243AD0CF0090453D /* UserGitHubRouters.swift */ = {isa = PBXFileReference; lastKnownFileType = sourcecode.swift; path = UserGitHubRouters.swift; sourceTree = "<group>"; };
		18493548243AD2EE0090453D /* UserGitHubWorker.swift */ = {isa = PBXFileReference; lastKnownFileType = sourcecode.swift; path = UserGitHubWorker.swift; sourceTree = "<group>"; };
		1849354B243AE8CD0090453D /* UserGitHubView.swift */ = {isa = PBXFileReference; lastKnownFileType = sourcecode.swift; path = UserGitHubView.swift; sourceTree = "<group>"; };
		1849354C243AE8CD0090453D /* UserGitHubView.xib */ = {isa = PBXFileReference; lastKnownFileType = file.xib; path = UserGitHubView.xib; sourceTree = "<group>"; };
		185A4ACB24348ABA00981931 /* VIP-Architechture.app */ = {isa = PBXFileReference; explicitFileType = wrapper.application; includeInIndex = 0; path = "VIP-Architechture.app"; sourceTree = BUILT_PRODUCTS_DIR; };
		185A4ACE24348ABA00981931 /* AppDelegate.swift */ = {isa = PBXFileReference; lastKnownFileType = sourcecode.swift; path = AppDelegate.swift; sourceTree = "<group>"; };
		185A4AD224348ABA00981931 /* ViewController.swift */ = {isa = PBXFileReference; lastKnownFileType = sourcecode.swift; path = ViewController.swift; sourceTree = "<group>"; };
		185A4AD524348ABA00981931 /* Base */ = {isa = PBXFileReference; lastKnownFileType = file.storyboard; name = Base; path = Base.lproj/Main.storyboard; sourceTree = "<group>"; };
		185A4AD724348AC100981931 /* Assets.xcassets */ = {isa = PBXFileReference; lastKnownFileType = folder.assetcatalog; path = Assets.xcassets; sourceTree = "<group>"; };
		185A4ADA24348AC100981931 /* Base */ = {isa = PBXFileReference; lastKnownFileType = file.storyboard; name = Base; path = Base.lproj/LaunchScreen.storyboard; sourceTree = "<group>"; };
		185A4ADC24348AC100981931 /* Info.plist */ = {isa = PBXFileReference; lastKnownFileType = text.plist.xml; path = Info.plist; sourceTree = "<group>"; };
		185A4AE124348AC100981931 /* VIP-ArchitechtureTests.xctest */ = {isa = PBXFileReference; explicitFileType = wrapper.cfbundle; includeInIndex = 0; path = "VIP-ArchitechtureTests.xctest"; sourceTree = BUILT_PRODUCTS_DIR; };
		185A4AE524348AC100981931 /* VIP_ArchitechtureTests.swift */ = {isa = PBXFileReference; lastKnownFileType = sourcecode.swift; path = VIP_ArchitechtureTests.swift; sourceTree = "<group>"; };
		185A4AE724348AC100981931 /* Info.plist */ = {isa = PBXFileReference; lastKnownFileType = text.plist.xml; path = Info.plist; sourceTree = "<group>"; };
		185A4AEC24348AC100981931 /* VIP-ArchitechtureUITests.xctest */ = {isa = PBXFileReference; explicitFileType = wrapper.cfbundle; includeInIndex = 0; path = "VIP-ArchitechtureUITests.xctest"; sourceTree = BUILT_PRODUCTS_DIR; };
		185A4AF024348AC200981931 /* VIP_ArchitechtureUITests.swift */ = {isa = PBXFileReference; lastKnownFileType = sourcecode.swift; path = VIP_ArchitechtureUITests.swift; sourceTree = "<group>"; };
		185A4AF224348AC200981931 /* Info.plist */ = {isa = PBXFileReference; lastKnownFileType = text.plist.xml; path = Info.plist; sourceTree = "<group>"; };
		185A4B0024348C9900981931 /* CandyEntity.swift */ = {isa = PBXFileReference; lastKnownFileType = sourcecode.swift; path = CandyEntity.swift; sourceTree = "<group>"; };
		185A4B0324348E2F00981931 /* CandyInteractor.swift */ = {isa = PBXFileReference; lastKnownFileType = sourcecode.swift; path = CandyInteractor.swift; sourceTree = "<group>"; };
		185A4B0624348EFE00981931 /* CandyApiWorker.swift */ = {isa = PBXFileReference; lastKnownFileType = sourcecode.swift; path = CandyApiWorker.swift; sourceTree = "<group>"; };
		185A4B092434924700981931 /* CandyPresenterProtocol.swift */ = {isa = PBXFileReference; lastKnownFileType = sourcecode.swift; path = CandyPresenterProtocol.swift; sourceTree = "<group>"; };
		2ACC208CB71C333C9A2C212B /* Pods_VIP_Architechture_VIP_ArchitechtureUITests.framework */ = {isa = PBXFileReference; explicitFileType = wrapper.framework; includeInIndex = 0; path = Pods_VIP_Architechture_VIP_ArchitechtureUITests.framework; sourceTree = BUILT_PRODUCTS_DIR; };
		3218E7C44C50EF21C5985F4E /* Pods-VIP-ArchitechtureTests.debug.xcconfig */ = {isa = PBXFileReference; includeInIndex = 1; lastKnownFileType = text.xcconfig; name = "Pods-VIP-ArchitechtureTests.debug.xcconfig"; path = "Target Support Files/Pods-VIP-ArchitechtureTests/Pods-VIP-ArchitechtureTests.debug.xcconfig"; sourceTree = "<group>"; };
		398791EC6888774CF9D9CC4A /* Pods-VIP-Architechture-VIP-ArchitechtureUITests.release.xcconfig */ = {isa = PBXFileReference; includeInIndex = 1; lastKnownFileType = text.xcconfig; name = "Pods-VIP-Architechture-VIP-ArchitechtureUITests.release.xcconfig"; path = "Target Support Files/Pods-VIP-Architechture-VIP-ArchitechtureUITests/Pods-VIP-Architechture-VIP-ArchitechtureUITests.release.xcconfig"; sourceTree = "<group>"; };
		3F381EC693694679A787E692 /* Pods-VIP-ArchitechtureTests.release.xcconfig */ = {isa = PBXFileReference; includeInIndex = 1; lastKnownFileType = text.xcconfig; name = "Pods-VIP-ArchitechtureTests.release.xcconfig"; path = "Target Support Files/Pods-VIP-ArchitechtureTests/Pods-VIP-ArchitechtureTests.release.xcconfig"; sourceTree = "<group>"; };
		4022851251E61DE73BD7960B /* Pods_VIP_Architechture.framework */ = {isa = PBXFileReference; explicitFileType = wrapper.framework; includeInIndex = 0; path = Pods_VIP_Architechture.framework; sourceTree = BUILT_PRODUCTS_DIR; };
		8ED06324D33FFCB11AAD43B5 /* Pods-VIP-Architechture.release.xcconfig */ = {isa = PBXFileReference; includeInIndex = 1; lastKnownFileType = text.xcconfig; name = "Pods-VIP-Architechture.release.xcconfig"; path = "Target Support Files/Pods-VIP-Architechture/Pods-VIP-Architechture.release.xcconfig"; sourceTree = "<group>"; };
		AAA9BE355665060DFA59FDCD /* Pods-VIP-Architechture-VIP-ArchitechtureUITests.debug.xcconfig */ = {isa = PBXFileReference; includeInIndex = 1; lastKnownFileType = text.xcconfig; name = "Pods-VIP-Architechture-VIP-ArchitechtureUITests.debug.xcconfig"; path = "Target Support Files/Pods-VIP-Architechture-VIP-ArchitechtureUITests/Pods-VIP-Architechture-VIP-ArchitechtureUITests.debug.xcconfig"; sourceTree = "<group>"; };
		B13CAF9374DD9523C735BAC3 /* Pods-VIP-Architechture.debug.xcconfig */ = {isa = PBXFileReference; includeInIndex = 1; lastKnownFileType = text.xcconfig; name = "Pods-VIP-Architechture.debug.xcconfig"; path = "Target Support Files/Pods-VIP-Architechture/Pods-VIP-Architechture.debug.xcconfig"; sourceTree = "<group>"; };
		BE0B6B2495846C3A814BAFB2 /* Pods_VIP_ArchitechtureTests.framework */ = {isa = PBXFileReference; explicitFileType = wrapper.framework; includeInIndex = 0; path = Pods_VIP_ArchitechtureTests.framework; sourceTree = BUILT_PRODUCTS_DIR; };
/* End PBXFileReference section */

/* Begin PBXFrameworksBuildPhase section */
		185A4AC824348ABA00981931 /* Frameworks */ = {
			isa = PBXFrameworksBuildPhase;
			buildActionMask = 2147483647;
			files = (
				70437E95A8302D9D0749E2A5 /* Pods_VIP_Architechture.framework in Frameworks */,
			);
			runOnlyForDeploymentPostprocessing = 0;
		};
		185A4ADE24348AC100981931 /* Frameworks */ = {
			isa = PBXFrameworksBuildPhase;
			buildActionMask = 2147483647;
			files = (
				51FFE550F7233D6257BE0770 /* Pods_VIP_ArchitechtureTests.framework in Frameworks */,
			);
			runOnlyForDeploymentPostprocessing = 0;
		};
		185A4AE924348AC100981931 /* Frameworks */ = {
			isa = PBXFrameworksBuildPhase;
			buildActionMask = 2147483647;
			files = (
				E6B077D913E5416C66A6910D /* Pods_VIP_Architechture_VIP_ArchitechtureUITests.framework in Frameworks */,
			);
			runOnlyForDeploymentPostprocessing = 0;
		};
/* End PBXFrameworksBuildPhase section */

/* Begin PBXGroup section */
		184934F12435C5000090453D /* views */ = {
			isa = PBXGroup;
			children = (
				184934FF24363A8F0090453D /* CandyView.swift */,
				184934FE24363A8F0090453D /* CandyView.xib */,
				185A4AD224348ABA00981931 /* ViewController.swift */,
			);
			path = views;
			sourceTree = "<group>";
		};
		184934F82435D6B30090453D /* routers */ = {
			isa = PBXGroup;
			children = (
				184934F92435D6CB0090453D /* CandyRouter.swift */,
			);
			path = routers;
			sourceTree = "<group>";
		};
		184934FB2435D8F30090453D /* builder */ = {
			isa = PBXGroup;
			children = (
				184934FC2435D90F0090453D /* CandyBuilder.swift */,
			);
			path = builder;
			sourceTree = "<group>";
		};
		1849350224372B1C0090453D /* User-module */ = {
			isa = PBXGroup;
			children = (
				1849351924384F480090453D /* builders */,
				1849351624373D8D0090453D /* routers */,
				1849351124373BA00090453D /* views */,
				1849350D24373A430090453D /* presenters */,
				1849350A2437390B0090453D /* workers */,
				1849350624372ED40090453D /* interactors */,
				1849350324372E710090453D /* entity */,
			);
			path = "User-module";
			sourceTree = "<group>";
		};
		1849350324372E710090453D /* entity */ = {
			isa = PBXGroup;
			children = (
				1849350424372EC50090453D /* UserEntity.swift */,
			);
			path = entity;
			sourceTree = "<group>";
		};
		1849350624372ED40090453D /* interactors */ = {
			isa = PBXGroup;
			children = (
				1849350724372EF70090453D /* UserInteractor.swift */,
			);
			path = interactors;
			sourceTree = "<group>";
		};
		1849350A2437390B0090453D /* workers */ = {
			isa = PBXGroup;
			children = (
				1849350B243739270090453D /* UserApiWorker.swift */,
			);
			path = workers;
			sourceTree = "<group>";
		};
		1849350D24373A430090453D /* presenters */ = {
			isa = PBXGroup;
			children = (
				1849350F24373A6C0090453D /* UserPresenter.swift */,
			);
			path = presenters;
			sourceTree = "<group>";
		};
		1849351124373BA00090453D /* views */ = {
			isa = PBXGroup;
			children = (
				1849351224373BCA0090453D /* UserViewController.swift */,
				1849351324373BCA0090453D /* UserViewController.xib */,
			);
			path = views;
			sourceTree = "<group>";
		};
		1849351624373D8D0090453D /* routers */ = {
			isa = PBXGroup;
			children = (
				1849351724373DA90090453D /* UserRouter.swift */,
			);
			path = routers;
			sourceTree = "<group>";
		};
		1849351924384F480090453D /* builders */ = {
			isa = PBXGroup;
			children = (
				1849351A24384F710090453D /* UserBuilder.swift */,
			);
			path = builders;
			sourceTree = "<group>";
		};
		18493540243ABE620090453D /* VN-module */ = {
			isa = PBXGroup;
			children = (
				1849354A243AE87B0090453D /* views */,
				18493547243AD2D00090453D /* workers */,
				18493546243AD22D0090453D /* interactors */,
				18493543243AD0990090453D /* routers  */,
			);
			path = "VN-module";
			sourceTree = "<group>";
		};
		18493543243AD0990090453D /* routers  */ = {
			isa = PBXGroup;
			children = (
				18493544243AD0CF0090453D /* UserGitHubRouters.swift */,
			);
			path = "routers ";
			sourceTree = "<group>";
		};
		18493546243AD22D0090453D /* interactors */ = {
			isa = PBXGroup;
			children = (
				18493541243AC02E0090453D /* GitHubUserInteractor.swift */,
			);
			path = interactors;
			sourceTree = "<group>";
		};
		18493547243AD2D00090453D /* workers */ = {
			isa = PBXGroup;
			children = (
				18493548243AD2EE0090453D /* UserGitHubWorker.swift */,
			);
			path = workers;
			sourceTree = "<group>";
		};
		1849354A243AE87B0090453D /* views */ = {
			isa = PBXGroup;
			children = (
				1849354B243AE8CD0090453D /* UserGitHubView.swift */,
				1849354C243AE8CD0090453D /* UserGitHubView.xib */,
			);
			path = views;
			sourceTree = "<group>";
		};
		185A4AC224348ABA00981931 = {
			isa = PBXGroup;
			children = (
				185A4ACD24348ABA00981931 /* VIP-Architechture */,
				185A4AE424348AC100981931 /* VIP-ArchitechtureTests */,
				185A4AEF24348AC200981931 /* VIP-ArchitechtureUITests */,
				185A4ACC24348ABA00981931 /* Products */,
				C049CE63022D09A75A630418 /* Pods */,
				8438136E9DB866CAEE280260 /* Frameworks */,
			);
			sourceTree = "<group>";
		};
		185A4ACC24348ABA00981931 /* Products */ = {
			isa = PBXGroup;
			children = (
				185A4ACB24348ABA00981931 /* VIP-Architechture.app */,
				185A4AE124348AC100981931 /* VIP-ArchitechtureTests.xctest */,
				185A4AEC24348AC100981931 /* VIP-ArchitechtureUITests.xctest */,
			);
			name = Products;
			sourceTree = "<group>";
		};
		185A4ACD24348ABA00981931 /* VIP-Architechture */ = {
			isa = PBXGroup;
			children = (
				18493540243ABE620090453D /* VN-module */,
				1849350224372B1C0090453D /* User-module */,
				185A4AFE24348C5300981931 /* Candy-module */,
				185A4ACE24348ABA00981931 /* AppDelegate.swift */,
				185A4AD424348ABA00981931 /* Main.storyboard */,
				185A4AD724348AC100981931 /* Assets.xcassets */,
				185A4AD924348AC100981931 /* LaunchScreen.storyboard */,
				185A4ADC24348AC100981931 /* Info.plist */,
			);
			path = "VIP-Architechture";
			sourceTree = "<group>";
		};
		185A4AE424348AC100981931 /* VIP-ArchitechtureTests */ = {
			isa = PBXGroup;
			children = (
				185A4AE524348AC100981931 /* VIP_ArchitechtureTests.swift */,
				185A4AE724348AC100981931 /* Info.plist */,
			);
			path = "VIP-ArchitechtureTests";
			sourceTree = "<group>";
		};
		185A4AEF24348AC200981931 /* VIP-ArchitechtureUITests */ = {
			isa = PBXGroup;
			children = (
				185A4AF024348AC200981931 /* VIP_ArchitechtureUITests.swift */,
				185A4AF224348AC200981931 /* Info.plist */,
			);
			path = "VIP-ArchitechtureUITests";
			sourceTree = "<group>";
		};
		185A4AFE24348C5300981931 /* Candy-module */ = {
			isa = PBXGroup;
			children = (
				184934FB2435D8F30090453D /* builder */,
				184934F82435D6B30090453D /* routers */,
				184934F12435C5000090453D /* views */,
				185A4B082434922E00981931 /* presenters */,
				185A4B0524348EBD00981931 /* worker */,
				185A4B0224348E0400981931 /* interactors */,
				185A4AFF24348C7100981931 /* entity */,
			);
			path = "Candy-module";
			sourceTree = "<group>";
		};
		185A4AFF24348C7100981931 /* entity */ = {
			isa = PBXGroup;
			children = (
				185A4B0024348C9900981931 /* CandyEntity.swift */,
			);
			path = entity;
			sourceTree = "<group>";
		};
		185A4B0224348E0400981931 /* interactors */ = {
			isa = PBXGroup;
			children = (
				185A4B0324348E2F00981931 /* CandyInteractor.swift */,
			);
			path = interactors;
			sourceTree = "<group>";
		};
		185A4B0524348EBD00981931 /* worker */ = {
			isa = PBXGroup;
			children = (
				185A4B0624348EFE00981931 /* CandyApiWorker.swift */,
			);
			path = worker;
			sourceTree = "<group>";
		};
		185A4B082434922E00981931 /* presenters */ = {
			isa = PBXGroup;
			children = (
				185A4B092434924700981931 /* CandyPresenterProtocol.swift */,
			);
			path = presenters;
			sourceTree = "<group>";
		};
		8438136E9DB866CAEE280260 /* Frameworks */ = {
			isa = PBXGroup;
			children = (
				4022851251E61DE73BD7960B /* Pods_VIP_Architechture.framework */,
				2ACC208CB71C333C9A2C212B /* Pods_VIP_Architechture_VIP_ArchitechtureUITests.framework */,
				BE0B6B2495846C3A814BAFB2 /* Pods_VIP_ArchitechtureTests.framework */,
			);
			name = Frameworks;
			sourceTree = "<group>";
		};
		C049CE63022D09A75A630418 /* Pods */ = {
			isa = PBXGroup;
			children = (
				B13CAF9374DD9523C735BAC3 /* Pods-VIP-Architechture.debug.xcconfig */,
				8ED06324D33FFCB11AAD43B5 /* Pods-VIP-Architechture.release.xcconfig */,
				AAA9BE355665060DFA59FDCD /* Pods-VIP-Architechture-VIP-ArchitechtureUITests.debug.xcconfig */,
				398791EC6888774CF9D9CC4A /* Pods-VIP-Architechture-VIP-ArchitechtureUITests.release.xcconfig */,
				3218E7C44C50EF21C5985F4E /* Pods-VIP-ArchitechtureTests.debug.xcconfig */,
				3F381EC693694679A787E692 /* Pods-VIP-ArchitechtureTests.release.xcconfig */,
			);
			path = Pods;
			sourceTree = "<group>";
		};
/* End PBXGroup section */

/* Begin PBXNativeTarget section */
		185A4ACA24348ABA00981931 /* VIP-Architechture */ = {
			isa = PBXNativeTarget;
			buildConfigurationList = 185A4AF524348AC200981931 /* Build configuration list for PBXNativeTarget "VIP-Architechture" */;
			buildPhases = (
				25FFD0231F50BB20BC194C7C /* [CP] Check Pods Manifest.lock */,
				185A4AC724348ABA00981931 /* Sources */,
				185A4AC824348ABA00981931 /* Frameworks */,
				185A4AC924348ABA00981931 /* Resources */,
				F8EE1CE2CDDF26A21536BD5A /* [CP] Embed Pods Frameworks */,
			);
			buildRules = (
			);
			dependencies = (
			);
			name = "VIP-Architechture";
			productName = "VIP-Architechture";
			productReference = 185A4ACB24348ABA00981931 /* VIP-Architechture.app */;
			productType = "com.apple.product-type.application";
		};
		185A4AE024348AC100981931 /* VIP-ArchitechtureTests */ = {
			isa = PBXNativeTarget;
			buildConfigurationList = 185A4AF824348AC200981931 /* Build configuration list for PBXNativeTarget "VIP-ArchitechtureTests" */;
			buildPhases = (
				7A11B252E0718101C6FBD940 /* [CP] Check Pods Manifest.lock */,
				185A4ADD24348AC100981931 /* Sources */,
				185A4ADE24348AC100981931 /* Frameworks */,
				185A4ADF24348AC100981931 /* Resources */,
			);
			buildRules = (
			);
			dependencies = (
				185A4AE324348AC100981931 /* PBXTargetDependency */,
			);
			name = "VIP-ArchitechtureTests";
			productName = "VIP-ArchitechtureTests";
			productReference = 185A4AE124348AC100981931 /* VIP-ArchitechtureTests.xctest */;
			productType = "com.apple.product-type.bundle.unit-test";
		};
		185A4AEB24348AC100981931 /* VIP-ArchitechtureUITests */ = {
			isa = PBXNativeTarget;
			buildConfigurationList = 185A4AFB24348AC200981931 /* Build configuration list for PBXNativeTarget "VIP-ArchitechtureUITests" */;
			buildPhases = (
				6A58B8EB477BA772ACA20DC6 /* [CP] Check Pods Manifest.lock */,
				185A4AE824348AC100981931 /* Sources */,
				185A4AE924348AC100981931 /* Frameworks */,
				185A4AEA24348AC100981931 /* Resources */,
				30AA615A875E5CF37C9F30C6 /* [CP] Embed Pods Frameworks */,
			);
			buildRules = (
			);
			dependencies = (
				185A4AEE24348AC200981931 /* PBXTargetDependency */,
			);
			name = "VIP-ArchitechtureUITests";
			productName = "VIP-ArchitechtureUITests";
			productReference = 185A4AEC24348AC100981931 /* VIP-ArchitechtureUITests.xctest */;
			productType = "com.apple.product-type.bundle.ui-testing";
		};
/* End PBXNativeTarget section */

/* Begin PBXProject section */
		185A4AC324348ABA00981931 /* Project object */ = {
			isa = PBXProject;
			attributes = {
				LastSwiftUpdateCheck = 1130;
				LastUpgradeCheck = 1130;
				ORGANIZATIONNAME = Apple;
				TargetAttributes = {
					185A4ACA24348ABA00981931 = {
						CreatedOnToolsVersion = 11.3.1;
					};
					185A4AE024348AC100981931 = {
						CreatedOnToolsVersion = 11.3.1;
						TestTargetID = 185A4ACA24348ABA00981931;
					};
					185A4AEB24348AC100981931 = {
						CreatedOnToolsVersion = 11.3.1;
						TestTargetID = 185A4ACA24348ABA00981931;
					};
				};
			};
			buildConfigurationList = 185A4AC624348ABA00981931 /* Build configuration list for PBXProject "VIP-Architechture" */;
			compatibilityVersion = "Xcode 9.3";
			developmentRegion = en;
			hasScannedForEncodings = 0;
			knownRegions = (
				en,
				Base,
			);
			mainGroup = 185A4AC224348ABA00981931;
			productRefGroup = 185A4ACC24348ABA00981931 /* Products */;
			projectDirPath = "";
			projectRoot = "";
			targets = (
				185A4ACA24348ABA00981931 /* VIP-Architechture */,
				185A4AE024348AC100981931 /* VIP-ArchitechtureTests */,
				185A4AEB24348AC100981931 /* VIP-ArchitechtureUITests */,
			);
		};
/* End PBXProject section */

/* Begin PBXResourcesBuildPhase section */
		185A4AC924348ABA00981931 /* Resources */ = {
			isa = PBXResourcesBuildPhase;
			buildActionMask = 2147483647;
			files = (
				1849350024363A8F0090453D /* CandyView.xib in Resources */,
				1849351524373BCA0090453D /* UserViewController.xib in Resources */,
				185A4ADB24348AC100981931 /* LaunchScreen.storyboard in Resources */,
				185A4AD824348AC100981931 /* Assets.xcassets in Resources */,
				1849354E243AE8D00090453D /* UserGitHubView.xib in Resources */,
				185A4AD624348ABA00981931 /* Main.storyboard in Resources */,
			);
			runOnlyForDeploymentPostprocessing = 0;
		};
		185A4ADF24348AC100981931 /* Resources */ = {
			isa = PBXResourcesBuildPhase;
			buildActionMask = 2147483647;
			files = (
			);
			runOnlyForDeploymentPostprocessing = 0;
		};
		185A4AEA24348AC100981931 /* Resources */ = {
			isa = PBXResourcesBuildPhase;
			buildActionMask = 2147483647;
			files = (
			);
			runOnlyForDeploymentPostprocessing = 0;
		};
/* End PBXResourcesBuildPhase section */

/* Begin PBXShellScriptBuildPhase section */
		25FFD0231F50BB20BC194C7C /* [CP] Check Pods Manifest.lock */ = {
			isa = PBXShellScriptBuildPhase;
			buildActionMask = 2147483647;
			files = (
			);
			inputFileListPaths = (
			);
			inputPaths = (
				"${PODS_PODFILE_DIR_PATH}/Podfile.lock",
				"${PODS_ROOT}/Manifest.lock",
			);
			name = "[CP] Check Pods Manifest.lock";
			outputFileListPaths = (
			);
			outputPaths = (
				"$(DERIVED_FILE_DIR)/Pods-VIP-Architechture-checkManifestLockResult.txt",
			);
			runOnlyForDeploymentPostprocessing = 0;
			shellPath = /bin/sh;
			shellScript = "diff \"${PODS_PODFILE_DIR_PATH}/Podfile.lock\" \"${PODS_ROOT}/Manifest.lock\" > /dev/null\nif [ $? != 0 ] ; then\n    # print error to STDERR\n    echo \"error: The sandbox is not in sync with the Podfile.lock. Run 'pod install' or update your CocoaPods installation.\" >&2\n    exit 1\nfi\n# This output is used by Xcode 'outputs' to avoid re-running this script phase.\necho \"SUCCESS\" > \"${SCRIPT_OUTPUT_FILE_0}\"\n";
			showEnvVarsInLog = 0;
		};
		30AA615A875E5CF37C9F30C6 /* [CP] Embed Pods Frameworks */ = {
			isa = PBXShellScriptBuildPhase;
			buildActionMask = 2147483647;
			files = (
			);
			inputFileListPaths = (
				"${PODS_ROOT}/Target Support Files/Pods-VIP-Architechture-VIP-ArchitechtureUITests/Pods-VIP-Architechture-VIP-ArchitechtureUITests-frameworks-${CONFIGURATION}-input-files.xcfilelist",
			);
			name = "[CP] Embed Pods Frameworks";
			outputFileListPaths = (
				"${PODS_ROOT}/Target Support Files/Pods-VIP-Architechture-VIP-ArchitechtureUITests/Pods-VIP-Architechture-VIP-ArchitechtureUITests-frameworks-${CONFIGURATION}-output-files.xcfilelist",
			);
			runOnlyForDeploymentPostprocessing = 0;
			shellPath = /bin/sh;
			shellScript = "\"${PODS_ROOT}/Target Support Files/Pods-VIP-Architechture-VIP-ArchitechtureUITests/Pods-VIP-Architechture-VIP-ArchitechtureUITests-frameworks.sh\"\n";
			showEnvVarsInLog = 0;
		};
		6A58B8EB477BA772ACA20DC6 /* [CP] Check Pods Manifest.lock */ = {
			isa = PBXShellScriptBuildPhase;
			buildActionMask = 2147483647;
			files = (
			);
			inputFileListPaths = (
			);
			inputPaths = (
				"${PODS_PODFILE_DIR_PATH}/Podfile.lock",
				"${PODS_ROOT}/Manifest.lock",
			);
			name = "[CP] Check Pods Manifest.lock";
			outputFileListPaths = (
			);
			outputPaths = (
				"$(DERIVED_FILE_DIR)/Pods-VIP-Architechture-VIP-ArchitechtureUITests-checkManifestLockResult.txt",
			);
			runOnlyForDeploymentPostprocessing = 0;
			shellPath = /bin/sh;
			shellScript = "diff \"${PODS_PODFILE_DIR_PATH}/Podfile.lock\" \"${PODS_ROOT}/Manifest.lock\" > /dev/null\nif [ $? != 0 ] ; then\n    # print error to STDERR\n    echo \"error: The sandbox is not in sync with the Podfile.lock. Run 'pod install' or update your CocoaPods installation.\" >&2\n    exit 1\nfi\n# This output is used by Xcode 'outputs' to avoid re-running this script phase.\necho \"SUCCESS\" > \"${SCRIPT_OUTPUT_FILE_0}\"\n";
			showEnvVarsInLog = 0;
		};
		7A11B252E0718101C6FBD940 /* [CP] Check Pods Manifest.lock */ = {
			isa = PBXShellScriptBuildPhase;
			buildActionMask = 2147483647;
			files = (
			);
			inputFileListPaths = (
			);
			inputPaths = (
				"${PODS_PODFILE_DIR_PATH}/Podfile.lock",
				"${PODS_ROOT}/Manifest.lock",
			);
			name = "[CP] Check Pods Manifest.lock";
			outputFileListPaths = (
			);
			outputPaths = (
				"$(DERIVED_FILE_DIR)/Pods-VIP-ArchitechtureTests-checkManifestLockResult.txt",
			);
			runOnlyForDeploymentPostprocessing = 0;
			shellPath = /bin/sh;
			shellScript = "diff \"${PODS_PODFILE_DIR_PATH}/Podfile.lock\" \"${PODS_ROOT}/Manifest.lock\" > /dev/null\nif [ $? != 0 ] ; then\n    # print error to STDERR\n    echo \"error: The sandbox is not in sync with the Podfile.lock. Run 'pod install' or update your CocoaPods installation.\" >&2\n    exit 1\nfi\n# This output is used by Xcode 'outputs' to avoid re-running this script phase.\necho \"SUCCESS\" > \"${SCRIPT_OUTPUT_FILE_0}\"\n";
			showEnvVarsInLog = 0;
		};
		F8EE1CE2CDDF26A21536BD5A /* [CP] Embed Pods Frameworks */ = {
			isa = PBXShellScriptBuildPhase;
			buildActionMask = 2147483647;
			files = (
			);
			inputFileListPaths = (
				"${PODS_ROOT}/Target Support Files/Pods-VIP-Architechture/Pods-VIP-Architechture-frameworks-${CONFIGURATION}-input-files.xcfilelist",
			);
			name = "[CP] Embed Pods Frameworks";
			outputFileListPaths = (
				"${PODS_ROOT}/Target Support Files/Pods-VIP-Architechture/Pods-VIP-Architechture-frameworks-${CONFIGURATION}-output-files.xcfilelist",
			);
			runOnlyForDeploymentPostprocessing = 0;
			shellPath = /bin/sh;
			shellScript = "\"${PODS_ROOT}/Target Support Files/Pods-VIP-Architechture/Pods-VIP-Architechture-frameworks.sh\"\n";
			showEnvVarsInLog = 0;
		};
/* End PBXShellScriptBuildPhase section */

/* Begin PBXSourcesBuildPhase section */
		185A4AC724348ABA00981931 /* Sources */ = {
			isa = PBXSourcesBuildPhase;
			buildActionMask = 2147483647;
			files = (
				18493545243AD0D00090453D /* UserGitHubRouters.swift in Sources */,
				185A4B0124348C9900981931 /* CandyEntity.swift in Sources */,
				185A4AD324348ABA00981931 /* ViewController.swift in Sources */,
				1849351B24384F710090453D /* UserBuilder.swift in Sources */,
				1849350824372EF70090453D /* UserInteractor.swift in Sources */,
				185A4B0A2434924700981931 /* CandyPresenterProtocol.swift in Sources */,
				1849351824373DA90090453D /* UserRouter.swift in Sources */,
				1849350524372EC50090453D /* UserEntity.swift in Sources */,
				18493549243AD2EE0090453D /* UserGitHubWorker.swift in Sources */,
				185A4B0724348EFE00981931 /* CandyApiWorker.swift in Sources */,
				185A4B0424348E2F00981931 /* CandyInteractor.swift in Sources */,
				1849351424373BCA0090453D /* UserViewController.swift in Sources */,
				1849354D243AE8D00090453D /* UserGitHubView.swift in Sources */,
				185A4ACF24348ABA00981931 /* AppDelegate.swift in Sources */,
				18493542243AC02F0090453D /* GitHubUserInteractor.swift in Sources */,
				1849350124363A8F0090453D /* CandyView.swift in Sources */,
				1849350C243739270090453D /* UserApiWorker.swift in Sources */,
				1849351024373A6D0090453D /* UserPresenter.swift in Sources */,
				184934FA2435D6CB0090453D /* CandyRouter.swift in Sources */,
				184934FD2435D90F0090453D /* CandyBuilder.swift in Sources */,
			);
			runOnlyForDeploymentPostprocessing = 0;
		};
		185A4ADD24348AC100981931 /* Sources */ = {
			isa = PBXSourcesBuildPhase;
			buildActionMask = 2147483647;
			files = (
				185A4AE624348AC100981931 /* VIP_ArchitechtureTests.swift in Sources */,
			);
			runOnlyForDeploymentPostprocessing = 0;
		};
		185A4AE824348AC100981931 /* Sources */ = {
			isa = PBXSourcesBuildPhase;
			buildActionMask = 2147483647;
			files = (
				185A4AF124348AC200981931 /* VIP_ArchitechtureUITests.swift in Sources */,
			);
			runOnlyForDeploymentPostprocessing = 0;
		};
/* End PBXSourcesBuildPhase section */

/* Begin PBXTargetDependency section */
		185A4AE324348AC100981931 /* PBXTargetDependency */ = {
			isa = PBXTargetDependency;
			target = 185A4ACA24348ABA00981931 /* VIP-Architechture */;
			targetProxy = 185A4AE224348AC100981931 /* PBXContainerItemProxy */;
		};
		185A4AEE24348AC200981931 /* PBXTargetDependency */ = {
			isa = PBXTargetDependency;
			target = 185A4ACA24348ABA00981931 /* VIP-Architechture */;
			targetProxy = 185A4AED24348AC200981931 /* PBXContainerItemProxy */;
		};
/* End PBXTargetDependency section */

/* Begin PBXVariantGroup section */
		185A4AD424348ABA00981931 /* Main.storyboard */ = {
			isa = PBXVariantGroup;
			children = (
				185A4AD524348ABA00981931 /* Base */,
			);
			name = Main.storyboard;
			sourceTree = "<group>";
		};
		185A4AD924348AC100981931 /* LaunchScreen.storyboard */ = {
			isa = PBXVariantGroup;
			children = (
				185A4ADA24348AC100981931 /* Base */,
			);
			name = LaunchScreen.storyboard;
			sourceTree = "<group>";
		};
/* End PBXVariantGroup section */

/* Begin XCBuildConfiguration section */
		185A4AF324348AC200981931 /* Debug */ = {
			isa = XCBuildConfiguration;
			buildSettings = {
				ALWAYS_SEARCH_USER_PATHS = NO;
				CLANG_ANALYZER_NONNULL = YES;
				CLANG_ANALYZER_NUMBER_OBJECT_CONVERSION = YES_AGGRESSIVE;
				CLANG_CXX_LANGUAGE_STANDARD = "gnu++14";
				CLANG_CXX_LIBRARY = "libc++";
				CLANG_ENABLE_MODULES = YES;
				CLANG_ENABLE_OBJC_ARC = YES;
				CLANG_ENABLE_OBJC_WEAK = YES;
				CLANG_WARN_BLOCK_CAPTURE_AUTORELEASING = YES;
				CLANG_WARN_BOOL_CONVERSION = YES;
				CLANG_WARN_COMMA = YES;
				CLANG_WARN_CONSTANT_CONVERSION = YES;
				CLANG_WARN_DEPRECATED_OBJC_IMPLEMENTATIONS = YES;
				CLANG_WARN_DIRECT_OBJC_ISA_USAGE = YES_ERROR;
				CLANG_WARN_DOCUMENTATION_COMMENTS = YES;
				CLANG_WARN_EMPTY_BODY = YES;
				CLANG_WARN_ENUM_CONVERSION = YES;
				CLANG_WARN_INFINITE_RECURSION = YES;
				CLANG_WARN_INT_CONVERSION = YES;
				CLANG_WARN_NON_LITERAL_NULL_CONVERSION = YES;
				CLANG_WARN_OBJC_IMPLICIT_RETAIN_SELF = YES;
				CLANG_WARN_OBJC_LITERAL_CONVERSION = YES;
				CLANG_WARN_OBJC_ROOT_CLASS = YES_ERROR;
				CLANG_WARN_RANGE_LOOP_ANALYSIS = YES;
				CLANG_WARN_STRICT_PROTOTYPES = YES;
				CLANG_WARN_SUSPICIOUS_MOVE = YES;
				CLANG_WARN_UNGUARDED_AVAILABILITY = YES_AGGRESSIVE;
				CLANG_WARN_UNREACHABLE_CODE = YES;
				CLANG_WARN__DUPLICATE_METHOD_MATCH = YES;
				COPY_PHASE_STRIP = NO;
				DEBUG_INFORMATION_FORMAT = dwarf;
				ENABLE_STRICT_OBJC_MSGSEND = YES;
				ENABLE_TESTABILITY = YES;
				GCC_C_LANGUAGE_STANDARD = gnu11;
				GCC_DYNAMIC_NO_PIC = NO;
				GCC_NO_COMMON_BLOCKS = YES;
				GCC_OPTIMIZATION_LEVEL = 0;
				GCC_PREPROCESSOR_DEFINITIONS = (
					"DEBUG=1",
					"$(inherited)",
				);
				GCC_WARN_64_TO_32_BIT_CONVERSION = YES;
				GCC_WARN_ABOUT_RETURN_TYPE = YES_ERROR;
				GCC_WARN_UNDECLARED_SELECTOR = YES;
				GCC_WARN_UNINITIALIZED_AUTOS = YES_AGGRESSIVE;
				GCC_WARN_UNUSED_FUNCTION = YES;
				GCC_WARN_UNUSED_VARIABLE = YES;
				IPHONEOS_DEPLOYMENT_TARGET = 12.2;
				MTL_ENABLE_DEBUG_INFO = INCLUDE_SOURCE;
				MTL_FAST_MATH = YES;
				ONLY_ACTIVE_ARCH = YES;
				SDKROOT = iphoneos;
				SWIFT_ACTIVE_COMPILATION_CONDITIONS = DEBUG;
				SWIFT_OPTIMIZATION_LEVEL = "-Onone";
			};
			name = Debug;
		};
		185A4AF424348AC200981931 /* Release */ = {
			isa = XCBuildConfiguration;
			buildSettings = {
				ALWAYS_SEARCH_USER_PATHS = NO;
				CLANG_ANALYZER_NONNULL = YES;
				CLANG_ANALYZER_NUMBER_OBJECT_CONVERSION = YES_AGGRESSIVE;
				CLANG_CXX_LANGUAGE_STANDARD = "gnu++14";
				CLANG_CXX_LIBRARY = "libc++";
				CLANG_ENABLE_MODULES = YES;
				CLANG_ENABLE_OBJC_ARC = YES;
				CLANG_ENABLE_OBJC_WEAK = YES;
				CLANG_WARN_BLOCK_CAPTURE_AUTORELEASING = YES;
				CLANG_WARN_BOOL_CONVERSION = YES;
				CLANG_WARN_COMMA = YES;
				CLANG_WARN_CONSTANT_CONVERSION = YES;
				CLANG_WARN_DEPRECATED_OBJC_IMPLEMENTATIONS = YES;
				CLANG_WARN_DIRECT_OBJC_ISA_USAGE = YES_ERROR;
				CLANG_WARN_DOCUMENTATION_COMMENTS = YES;
				CLANG_WARN_EMPTY_BODY = YES;
				CLANG_WARN_ENUM_CONVERSION = YES;
				CLANG_WARN_INFINITE_RECURSION = YES;
				CLANG_WARN_INT_CONVERSION = YES;
				CLANG_WARN_NON_LITERAL_NULL_CONVERSION = YES;
				CLANG_WARN_OBJC_IMPLICIT_RETAIN_SELF = YES;
				CLANG_WARN_OBJC_LITERAL_CONVERSION = YES;
				CLANG_WARN_OBJC_ROOT_CLASS = YES_ERROR;
				CLANG_WARN_RANGE_LOOP_ANALYSIS = YES;
				CLANG_WARN_STRICT_PROTOTYPES = YES;
				CLANG_WARN_SUSPICIOUS_MOVE = YES;
				CLANG_WARN_UNGUARDED_AVAILABILITY = YES_AGGRESSIVE;
				CLANG_WARN_UNREACHABLE_CODE = YES;
				CLANG_WARN__DUPLICATE_METHOD_MATCH = YES;
				COPY_PHASE_STRIP = NO;
				DEBUG_INFORMATION_FORMAT = "dwarf-with-dsym";
				ENABLE_NS_ASSERTIONS = NO;
				ENABLE_STRICT_OBJC_MSGSEND = YES;
				GCC_C_LANGUAGE_STANDARD = gnu11;
				GCC_NO_COMMON_BLOCKS = YES;
				GCC_WARN_64_TO_32_BIT_CONVERSION = YES;
				GCC_WARN_ABOUT_RETURN_TYPE = YES_ERROR;
				GCC_WARN_UNDECLARED_SELECTOR = YES;
				GCC_WARN_UNINITIALIZED_AUTOS = YES_AGGRESSIVE;
				GCC_WARN_UNUSED_FUNCTION = YES;
				GCC_WARN_UNUSED_VARIABLE = YES;
				IPHONEOS_DEPLOYMENT_TARGET = 12.2;
				MTL_ENABLE_DEBUG_INFO = NO;
				MTL_FAST_MATH = YES;
				SDKROOT = iphoneos;
				SWIFT_COMPILATION_MODE = wholemodule;
				SWIFT_OPTIMIZATION_LEVEL = "-O";
				VALIDATE_PRODUCT = YES;
			};
			name = Release;
		};
		185A4AF624348AC200981931 /* Debug */ = {
			isa = XCBuildConfiguration;
			baseConfigurationReference = B13CAF9374DD9523C735BAC3 /* Pods-VIP-Architechture.debug.xcconfig */;
			buildSettings = {
				ASSETCATALOG_COMPILER_APPICON_NAME = AppIcon;
				CODE_SIGN_STYLE = Automatic;
				DEVELOPMENT_TEAM = PBBT599Q77;
				INFOPLIST_FILE = "VIP-Architechture/Info.plist";
				LD_RUNPATH_SEARCH_PATHS = (
					"$(inherited)",
					"@executable_path/Frameworks",
				);
				PRODUCT_BUNDLE_IDENTIFIER = "kienphamdev.com.VIP-Architechture";
				PRODUCT_NAME = "$(TARGET_NAME)";
				SWIFT_VERSION = 5.0;
				TARGETED_DEVICE_FAMILY = "1,2";
			};
			name = Debug;
		};
		185A4AF724348AC200981931 /* Release */ = {
			isa = XCBuildConfiguration;
			baseConfigurationReference = 8ED06324D33FFCB11AAD43B5 /* Pods-VIP-Architechture.release.xcconfig */;
			buildSettings = {
				ASSETCATALOG_COMPILER_APPICON_NAME = AppIcon;
				CODE_SIGN_STYLE = Automatic;
				DEVELOPMENT_TEAM = PBBT599Q77;
				INFOPLIST_FILE = "VIP-Architechture/Info.plist";
				LD_RUNPATH_SEARCH_PATHS = (
					"$(inherited)",
					"@executable_path/Frameworks",
				);
				PRODUCT_BUNDLE_IDENTIFIER = "kienphamdev.com.VIP-Architechture";
				PRODUCT_NAME = "$(TARGET_NAME)";
				SWIFT_VERSION = 5.0;
				TARGETED_DEVICE_FAMILY = "1,2";
			};
			name = Release;
		};
		185A4AF924348AC200981931 /* Debug */ = {
			isa = XCBuildConfiguration;
			baseConfigurationReference = 3218E7C44C50EF21C5985F4E /* Pods-VIP-ArchitechtureTests.debug.xcconfig */;
			buildSettings = {
				ALWAYS_EMBED_SWIFT_STANDARD_LIBRARIES = YES;
				BUNDLE_LOADER = "$(TEST_HOST)";
				CODE_SIGN_STYLE = Automatic;
				DEVELOPMENT_TEAM = PBBT599Q77;
				INFOPLIST_FILE = "VIP-ArchitechtureTests/Info.plist";
				IPHONEOS_DEPLOYMENT_TARGET = 13.2;
				LD_RUNPATH_SEARCH_PATHS = (
					"$(inherited)",
					"@executable_path/Frameworks",
					"@loader_path/Frameworks",
				);
				PRODUCT_BUNDLE_IDENTIFIER = "kienphamdev.com.VIP-ArchitechtureTests";
				PRODUCT_NAME = "$(TARGET_NAME)";
				SWIFT_VERSION = 5.0;
				TARGETED_DEVICE_FAMILY = "1,2";
				TEST_HOST = "$(BUILT_PRODUCTS_DIR)/VIP-Architechture.app/VIP-Architechture";
			};
			name = Debug;
		};
		185A4AFA24348AC200981931 /* Release */ = {
			isa = XCBuildConfiguration;
			baseConfigurationReference = 3F381EC693694679A787E692 /* Pods-VIP-ArchitechtureTests.release.xcconfig */;
			buildSettings = {
				ALWAYS_EMBED_SWIFT_STANDARD_LIBRARIES = YES;
				BUNDLE_LOADER = "$(TEST_HOST)";
				CODE_SIGN_STYLE = Automatic;
				DEVELOPMENT_TEAM = PBBT599Q77;
				INFOPLIST_FILE = "VIP-ArchitechtureTests/Info.plist";
				IPHONEOS_DEPLOYMENT_TARGET = 13.2;
				LD_RUNPATH_SEARCH_PATHS = (
					"$(inherited)",
					"@executable_path/Frameworks",
					"@loader_path/Frameworks",
				);
				PRODUCT_BUNDLE_IDENTIFIER = "kienphamdev.com.VIP-ArchitechtureTests";
				PRODUCT_NAME = "$(TARGET_NAME)";
				SWIFT_VERSION = 5.0;
				TARGETED_DEVICE_FAMILY = "1,2";
				TEST_HOST = "$(BUILT_PRODUCTS_DIR)/VIP-Architechture.app/VIP-Architechture";
			};
			name = Release;
		};
		185A4AFC24348AC200981931 /* Debug */ = {
			isa = XCBuildConfiguration;
			baseConfigurationReference = AAA9BE355665060DFA59FDCD /* Pods-VIP-Architechture-VIP-ArchitechtureUITests.debug.xcconfig */;
			buildSettings = {
				ALWAYS_EMBED_SWIFT_STANDARD_LIBRARIES = YES;
				CODE_SIGN_STYLE = Automatic;
				DEVELOPMENT_TEAM = PBBT599Q77;
				INFOPLIST_FILE = "VIP-ArchitechtureUITests/Info.plist";
				LD_RUNPATH_SEARCH_PATHS = (
					"$(inherited)",
					"@executable_path/Frameworks",
					"@loader_path/Frameworks",
				);
				PRODUCT_BUNDLE_IDENTIFIER = "kienphamdev.com.VIP-ArchitechtureUITests";
				PRODUCT_NAME = "$(TARGET_NAME)";
				SWIFT_VERSION = 5.0;
				TARGETED_DEVICE_FAMILY = "1,2";
				TEST_TARGET_NAME = "VIP-Architechture";
			};
			name = Debug;
		};
		185A4AFD24348AC200981931 /* Release */ = {
			isa = XCBuildConfiguration;
			baseConfigurationReference = 398791EC6888774CF9D9CC4A /* Pods-VIP-Architechture-VIP-ArchitechtureUITests.release.xcconfig */;
			buildSettings = {
				ALWAYS_EMBED_SWIFT_STANDARD_LIBRARIES = YES;
				CODE_SIGN_STYLE = Automatic;
				DEVELOPMENT_TEAM = PBBT599Q77;
				INFOPLIST_FILE = "VIP-ArchitechtureUITests/Info.plist";
				LD_RUNPATH_SEARCH_PATHS = (
					"$(inherited)",
					"@executable_path/Frameworks",
					"@loader_path/Frameworks",
				);
				PRODUCT_BUNDLE_IDENTIFIER = "kienphamdev.com.VIP-ArchitechtureUITests";
				PRODUCT_NAME = "$(TARGET_NAME)";
				SWIFT_VERSION = 5.0;
				TARGETED_DEVICE_FAMILY = "1,2";
				TEST_TARGET_NAME = "VIP-Architechture";
			};
			name = Release;
		};
/* End XCBuildConfiguration section */

/* Begin XCConfigurationList section */
		185A4AC624348ABA00981931 /* Build configuration list for PBXProject "VIP-Architechture" */ = {
			isa = XCConfigurationList;
			buildConfigurations = (
				185A4AF324348AC200981931 /* Debug */,
				185A4AF424348AC200981931 /* Release */,
			);
			defaultConfigurationIsVisible = 0;
			defaultConfigurationName = Release;
		};
		185A4AF524348AC200981931 /* Build configuration list for PBXNativeTarget "VIP-Architechture" */ = {
			isa = XCConfigurationList;
			buildConfigurations = (
				185A4AF624348AC200981931 /* Debug */,
				185A4AF724348AC200981931 /* Release */,
			);
			defaultConfigurationIsVisible = 0;
			defaultConfigurationName = Release;
		};
		185A4AF824348AC200981931 /* Build configuration list for PBXNativeTarget "VIP-ArchitechtureTests" */ = {
			isa = XCConfigurationList;
			buildConfigurations = (
				185A4AF924348AC200981931 /* Debug */,
				185A4AFA24348AC200981931 /* Release */,
			);
			defaultConfigurationIsVisible = 0;
			defaultConfigurationName = Release;
		};
		185A4AFB24348AC200981931 /* Build configuration list for PBXNativeTarget "VIP-ArchitechtureUITests" */ = {
			isa = XCConfigurationList;
			buildConfigurations = (
				185A4AFC24348AC200981931 /* Debug */,
				185A4AFD24348AC200981931 /* Release */,
			);
			defaultConfigurationIsVisible = 0;
			defaultConfigurationName = Release;
		};
/* End XCConfigurationList section */
	};
	rootObject = 185A4AC324348ABA00981931 /* Project object */;
}
